
Microsoft Visual Studio Solution File, Format Version 12.00
# Visual Studio 15
VisualStudioVersion = 15.0.28307.1062
MinimumVisualStudioVersion = 10.0.40219.1
Project("{FAE04EC0-301F-11D3-BF4B-00C04F79EFBC}") = "TestDCG.App.Android", "TestDCG.App\TestDCG.App.Android\TestDCG.App.Android.csproj", "{9925574E-B841-49B7-8A35-7D9BE97A22BC}"
EndProject
Project("{FAE04EC0-301F-11D3-BF4B-00C04F79EFBC}") = "TestDCG.App.iOS", "TestDCG.App\TestDCG.App.iOS\TestDCG.App.iOS.csproj", "{5D13C4A0-5003-4470-BA48-07C949A76A8B}"
EndProject
Project("{9A19103F-16F7-4668-BE54-9A1E7A4F7556}") = "TestDCG.App", "TestDCG.App\TestDCG.App\TestDCG.App.csproj", "{54CF8B78-33DB-4112-A840-8DF777241808}"
EndProject
Project("{2150E333-8FDC-42A3-9474-1A3956D46DE8}") = "0. UI", "0. UI", "{2D34F50C-B519-4342-B1BA-03C09DAF0F6A}"
EndProject
Project("{2150E333-8FDC-42A3-9474-1A3956D46DE8}") = "1. Business", "1. Business", "{AAEAFC10-A4DD-4FB4-AB32-B2E5E24B812D}"
EndProject
Project("{2150E333-8FDC-42A3-9474-1A3956D46DE8}") = "2. DataAccess", "2. DataAccess", "{4E643D56-869A-43B7-A08A-97DCAE5ACCAD}"
EndProject
Project("{2150E333-8FDC-42A3-9474-1A3956D46DE8}") = "3. Cross", "3. Cross", "{3BD6CF25-195D-4447-B6DD-A90FD7C2C022}"
EndProject
Project("{9A19103F-16F7-4668-BE54-9A1E7A4F7556}") = "TestDCG.DataAccess.Service", "TestDCG.DataAccess.Service\TestDCG.DataAccess.Service.csproj", "{64E78056-2270-4FB2-83AC-5ECE13FF27E1}"
EndProject
Project("{9A19103F-16F7-4668-BE54-9A1E7A4F7556}") = "TestDCG.Cross.Interface", "TestDCG.Cross.Interface\TestDCG.Cross.Interface.csproj", "{12C984DE-64C2-4798-87E1-843ADB8E082A}"
EndProject
Project("{9A19103F-16F7-4668-BE54-9A1E7A4F7556}") = "TestDCG.Cross.Entities", "TestDCG.Cross.Entities\TestDCG.Cross.Entities.csproj", "{97220715-DD89-4DDF-87FB-0C0C66BB4B2F}"
EndProject
Project("{9A19103F-16F7-4668-BE54-9A1E7A4F7556}") = "TestDCG.Cross.Business", "TestDCG.Cross.Business\TestDCG.Cross.Business.csproj", "{F32F5978-5058-436A-8789-B69A833E30B8}"
EndProject
Global
	GlobalSection(SolutionConfigurationPlatforms) = preSolution
		Ad-Hoc|Any CPU = Ad-Hoc|Any CPU
		Ad-Hoc|iPhone = Ad-Hoc|iPhone
		Ad-Hoc|iPhoneSimulator = Ad-Hoc|iPhoneSimulator
		AppStore|Any CPU = AppStore|Any CPU
		AppStore|iPhone = AppStore|iPhone
		AppStore|iPhoneSimulator = AppStore|iPhoneSimulator
		Debug|Any CPU = Debug|Any CPU
		Debug|iPhone = Debug|iPhone
		Debug|iPhoneSimulator = Debug|iPhoneSimulator
		Release|Any CPU = Release|Any CPU
		Release|iPhone = Release|iPhone
		Release|iPhoneSimulator = Release|iPhoneSimulator
	EndGlobalSection
	GlobalSection(ProjectConfigurationPlatforms) = postSolution
		{9925574E-B841-49B7-8A35-7D9BE97A22BC}.Ad-Hoc|Any CPU.ActiveCfg = Release|Any CPU
		{9925574E-B841-49B7-8A35-7D9BE97A22BC}.Ad-Hoc|Any CPU.Build.0 = Release|Any CPU
		{9925574E-B841-49B7-8A35-7D9BE97A22BC}.Ad-Hoc|Any CPU.Deploy.0 = Release|Any CPU
		{9925574E-B841-49B7-8A35-7D9BE97A22BC}.Ad-Hoc|iPhone.ActiveCfg = Release|Any CPU
		{9925574E-B841-49B7-8A35-7D9BE97A22BC}.Ad-Hoc|iPhone.Build.0 = Release|Any CPU
		{9925574E-B841-49B7-8A35-7D9BE97A22BC}.Ad-Hoc|iPhone.Deploy.0 = Release|Any CPU
		{9925574E-B841-49B7-8A35-7D9BE97A22BC}.Ad-Hoc|iPhoneSimulator.ActiveCfg = Release|Any CPU
		{9925574E-B841-49B7-8A35-7D9BE97A22BC}.Ad-Hoc|iPhoneSimulator.Build.0 = Release|Any CPU
		{9925574E-B841-49B7-8A35-7D9BE97A22BC}.Ad-Hoc|iPhoneSimulator.Deploy.0 = Release|Any CPU
		{9925574E-B841-49B7-8A35-7D9BE97A22BC}.AppStore|Any CPU.ActiveCfg = Release|Any CPU
		{9925574E-B841-49B7-8A35-7D9BE97A22BC}.AppStore|Any CPU.Build.0 = Release|Any CPU
		{9925574E-B841-49B7-8A35-7D9BE97A22BC}.AppStore|Any CPU.Deploy.0 = Release|Any CPU
		{9925574E-B841-49B7-8A35-7D9BE97A22BC}.AppStore|iPhone.ActiveCfg = Release|Any CPU
		{9925574E-B841-49B7-8A35-7D9BE97A22BC}.AppStore|iPhone.Build.0 = Release|Any CPU
		{9925574E-B841-49B7-8A35-7D9BE97A22BC}.AppStore|iPhone.Deploy.0 = Release|Any CPU
		{9925574E-B841-49B7-8A35-7D9BE97A22BC}.AppStore|iPhoneSimulator.ActiveCfg = Release|Any CPU
		{9925574E-B841-49B7-8A35-7D9BE97A22BC}.AppStore|iPhoneSimulator.Build.0 = Release|Any CPU
		{9925574E-B841-49B7-8A35-7D9BE97A22BC}.AppStore|iPhoneSimulator.Deploy.0 = Release|Any CPU
		{9925574E-B841-49B7-8A35-7D9BE97A22BC}.Debug|Any CPU.ActiveCfg = Debug|Any CPU
		{9925574E-B841-49B7-8A35-7D9BE97A22BC}.Debug|Any CPU.Build.0 = Debug|Any CPU
		{9925574E-B841-49B7-8A35-7D9BE97A22BC}.Debug|Any CPU.Deploy.0 = Debug|Any CPU
		{9925574E-B841-49B7-8A35-7D9BE97A22BC}.Debug|iPhone.ActiveCfg = Debug|Any CPU
		{9925574E-B841-49B7-8A35-7D9BE97A22BC}.Debug|iPhone.Build.0 = Debug|Any CPU
		{9925574E-B841-49B7-8A35-7D9BE97A22BC}.Debug|iPhone.Deploy.0 = Debug|Any CPU
		{9925574E-B841-49B7-8A35-7D9BE97A22BC}.Debug|iPhoneSimulator.ActiveCfg = Debug|Any CPU
		{9925574E-B841-49B7-8A35-7D9BE97A22BC}.Debug|iPhoneSimulator.Build.0 = Debug|Any CPU
		{9925574E-B841-49B7-8A35-7D9BE97A22BC}.Debug|iPhoneSimulator.Deploy.0 = Debug|Any CPU
		{9925574E-B841-49B7-8A35-7D9BE97A22BC}.Release|Any CPU.ActiveCfg = Release|Any CPU
		{9925574E-B841-49B7-8A35-7D9BE97A22BC}.Release|Any CPU.Build.0 = Release|Any CPU
		{9925574E-B841-49B7-8A35-7D9BE97A22BC}.Release|Any CPU.Deploy.0 = Release|Any CPU
		{9925574E-B841-49B7-8A35-7D9BE97A22BC}.Release|iPhone.ActiveCfg = Release|Any CPU
		{9925574E-B841-49B7-8A35-7D9BE97A22BC}.Release|iPhone.Build.0 = Release|Any CPU
		{9925574E-B841-49B7-8A35-7D9BE97A22BC}.Release|iPhone.Deploy.0 = Release|Any CPU
		{9925574E-B841-49B7-8A35-7D9BE97A22BC}.Release|iPhoneSimulator.ActiveCfg = Release|Any CPU
		{9925574E-B841-49B7-8A35-7D9BE97A22BC}.Release|iPhoneSimulator.Build.0 = Release|Any CPU
		{9925574E-B841-49B7-8A35-7D9BE97A22BC}.Release|iPhoneSimulator.Deploy.0 = Release|Any CPU
		{5D13C4A0-5003-4470-BA48-07C949A76A8B}.Ad-Hoc|Any CPU.ActiveCfg = Ad-Hoc|iPhone
		{5D13C4A0-5003-4470-BA48-07C949A76A8B}.Ad-Hoc|Any CPU.Build.0 = Ad-Hoc|iPhone
		{5D13C4A0-5003-4470-BA48-07C949A76A8B}.Ad-Hoc|Any CPU.Deploy.0 = Ad-Hoc|iPhone
		{5D13C4A0-5003-4470-BA48-07C949A76A8B}.Ad-Hoc|iPhone.ActiveCfg = Ad-Hoc|iPhone
		{5D13C4A0-5003-4470-BA48-07C949A76A8B}.Ad-Hoc|iPhone.Build.0 = Ad-Hoc|iPhone
		{5D13C4A0-5003-4470-BA48-07C949A76A8B}.Ad-Hoc|iPhone.Deploy.0 = Ad-Hoc|iPhone
		{5D13C4A0-5003-4470-BA48-07C949A76A8B}.Ad-Hoc|iPhoneSimulator.ActiveCfg = Ad-Hoc|iPhoneSimulator
		{5D13C4A0-5003-4470-BA48-07C949A76A8B}.Ad-Hoc|iPhoneSimulator.Build.0 = Ad-Hoc|iPhoneSimulator
		{5D13C4A0-5003-4470-BA48-07C949A76A8B}.Ad-Hoc|iPhoneSimulator.Deploy.0 = Ad-Hoc|iPhoneSimulator
		{5D13C4A0-5003-4470-BA48-07C949A76A8B}.AppStore|Any CPU.ActiveCfg = AppStore|iPhone
		{5D13C4A0-5003-4470-BA48-07C949A76A8B}.AppStore|Any CPU.Build.0 = AppStore|iPhone
		{5D13C4A0-5003-4470-BA48-07C949A76A8B}.AppStore|Any CPU.Deploy.0 = AppStore|iPhone
		{5D13C4A0-5003-4470-BA48-07C949A76A8B}.AppStore|iPhone.ActiveCfg = AppStore|iPhone
		{5D13C4A0-5003-4470-BA48-07C949A76A8B}.AppStore|iPhone.Build.0 = AppStore|iPhone
		{5D13C4A0-5003-4470-BA48-07C949A76A8B}.AppStore|iPhone.Deploy.0 = AppStore|iPhone
		{5D13C4A0-5003-4470-BA48-07C949A76A8B}.AppStore|iPhoneSimulator.ActiveCfg = AppStore|iPhoneSimulator
		{5D13C4A0-5003-4470-BA48-07C949A76A8B}.AppStore|iPhoneSimulator.Build.0 = AppStore|iPhoneSimulator
		{5D13C4A0-5003-4470-BA48-07C949A76A8B}.AppStore|iPhoneSimulator.Deploy.0 = AppStore|iPhoneSimulator
		{5D13C4A0-5003-4470-BA48-07C949A76A8B}.Debug|Any CPU.ActiveCfg = Debug|iPhoneSimulator
		{5D13C4A0-5003-4470-BA48-07C949A76A8B}.Debug|Any CPU.Build.0 = Debug|iPhoneSimulator
		{5D13C4A0-5003-4470-BA48-07C949A76A8B}.Debug|Any CPU.Deploy.0 = Debug|iPhoneSimulator
		{5D13C4A0-5003-4470-BA48-07C949A76A8B}.Debug|iPhone.ActiveCfg = Debug|iPhone
		{5D13C4A0-5003-4470-BA48-07C949A76A8B}.Debug|iPhone.Build.0 = Debug|iPhone
		{5D13C4A0-5003-4470-BA48-07C949A76A8B}.Debug|iPhone.Deploy.0 = Debug|iPhone
		{5D13C4A0-5003-4470-BA48-07C949A76A8B}.Debug|iPhoneSimulator.ActiveCfg = Debug|iPhoneSimulator
		{5D13C4A0-5003-4470-BA48-07C949A76A8B}.Debug|iPhoneSimulator.Build.0 = Debug|iPhoneSimulator
		{5D13C4A0-5003-4470-BA48-07C949A76A8B}.Debug|iPhoneSimulator.Deploy.0 = Debug|iPhoneSimulator
		{5D13C4A0-5003-4470-BA48-07C949A76A8B}.Release|Any CPU.ActiveCfg = Release|iPhone
		{5D13C4A0-5003-4470-BA48-07C949A76A8B}.Release|Any CPU.Build.0 = Release|iPhone
		{5D13C4A0-5003-4470-BA48-07C949A76A8B}.Release|Any CPU.Deploy.0 = Release|iPhone
		{5D13C4A0-5003-4470-BA48-07C949A76A8B}.Release|iPhone.ActiveCfg = Release|iPhone
		{5D13C4A0-5003-4470-BA48-07C949A76A8B}.Release|iPhone.Build.0 = Release|iPhone
		{5D13C4A0-5003-4470-BA48-07C949A76A8B}.Release|iPhone.Deploy.0 = Release|iPhone
		{5D13C4A0-5003-4470-BA48-07C949A76A8B}.Release|iPhoneSimulator.ActiveCfg = Release|iPhoneSimulator
		{5D13C4A0-5003-4470-BA48-07C949A76A8B}.Release|iPhoneSimulator.Build.0 = Release|iPhoneSimulator
		{5D13C4A0-5003-4470-BA48-07C949A76A8B}.Release|iPhoneSimulator.Deploy.0 = Release|iPhoneSimulator
		{54CF8B78-33DB-4112-A840-8DF777241808}.Ad-Hoc|Any CPU.ActiveCfg = Debug|Any CPU
		{54CF8B78-33DB-4112-A840-8DF777241808}.Ad-Hoc|Any CPU.Build.0 = Debug|Any CPU
		{54CF8B78-33DB-4112-A840-8DF777241808}.Ad-Hoc|Any CPU.Deploy.0 = Debug|Any CPU
		{54CF8B78-33DB-4112-A840-8DF777241808}.Ad-Hoc|iPhone.ActiveCfg = Debug|Any CPU
		{54CF8B78-33DB-4112-A840-8DF777241808}.Ad-Hoc|iPhone.Build.0 = Debug|Any CPU
		{54CF8B78-33DB-4112-A840-8DF777241808}.Ad-Hoc|iPhone.Deploy.0 = Debug|Any CPU
		{54CF8B78-33DB-4112-A840-8DF777241808}.Ad-Hoc|iPhoneSimulator.ActiveCfg = Debug|Any CPU
		{54CF8B78-33DB-4112-A840-8DF777241808}.Ad-Hoc|iPhoneSimulator.Build.0 = Debug|Any CPU
		{54CF8B78-33DB-4112-A840-8DF777241808}.Ad-Hoc|iPhoneSimulator.Deploy.0 = Debug|Any CPU
		{54CF8B78-33DB-4112-A840-8DF777241808}.AppStore|Any CPU.ActiveCfg = Debug|Any CPU
		{54CF8B78-33DB-4112-A840-8DF777241808}.AppStore|Any CPU.Build.0 = Debug|Any CPU
		{54CF8B78-33DB-4112-A840-8DF777241808}.AppStore|Any CPU.Deploy.0 = Debug|Any CPU
		{54CF8B78-33DB-4112-A840-8DF777241808}.AppStore|iPhone.ActiveCfg = Debug|Any CPU
		{54CF8B78-33DB-4112-A840-8DF777241808}.AppStore|iPhone.Build.0 = Debug|Any CPU
		{54CF8B78-33DB-4112-A840-8DF777241808}.AppStore|iPhone.Deploy.0 = Debug|Any CPU
		{54CF8B78-33DB-4112-A840-8DF777241808}.AppStore|iPhoneSimulator.ActiveCfg = Debug|Any CPU
		{54CF8B78-33DB-4112-A840-8DF777241808}.AppStore|iPhoneSimulator.Build.0 = Debug|Any CPU
		{54CF8B78-33DB-4112-A840-8DF777241808}.AppStore|iPhoneSimulator.Deploy.0 = Debug|Any CPU
		{54CF8B78-33DB-4112-A840-8DF777241808}.Debug|Any CPU.ActiveCfg = Debug|Any CPU
		{54CF8B78-33DB-4112-A840-8DF777241808}.Debug|Any CPU.Build.0 = Debug|Any CPU
		{54CF8B78-33DB-4112-A840-8DF777241808}.Debug|Any CPU.Deploy.0 = Debug|Any CPU
		{54CF8B78-33DB-4112-A840-8DF777241808}.Debug|iPhone.ActiveCfg = Debug|Any CPU
		{54CF8B78-33DB-4112-A840-8DF777241808}.Debug|iPhone.Build.0 = Debug|Any CPU
		{54CF8B78-33DB-4112-A840-8DF777241808}.Debug|iPhone.Deploy.0 = Debug|Any CPU
		{54CF8B78-33DB-4112-A840-8DF777241808}.Debug|iPhoneSimulator.ActiveCfg = Debug|Any CPU
		{54CF8B78-33DB-4112-A840-8DF777241808}.Debug|iPhoneSimulator.Build.0 = Debug|Any CPU
		{54CF8B78-33DB-4112-A840-8DF777241808}.Debug|iPhoneSimulator.Deploy.0 = Debug|Any CPU
		{54CF8B78-33DB-4112-A840-8DF777241808}.Release|Any CPU.ActiveCfg = Release|Any CPU
		{54CF8B78-33DB-4112-A840-8DF777241808}.Release|Any CPU.Build.0 = Release|Any CPU
		{54CF8B78-33DB-4112-A840-8DF777241808}.Release|Any CPU.Deploy.0 = Release|Any CPU
		{54CF8B78-33DB-4112-A840-8DF777241808}.Release|iPhone.ActiveCfg = Release|Any CPU
		{54CF8B78-33DB-4112-A840-8DF777241808}.Release|iPhone.Build.0 = Release|Any CPU
		{54CF8B78-33DB-4112-A840-8DF777241808}.Release|iPhone.Deploy.0 = Release|Any CPU
		{54CF8B78-33DB-4112-A840-8DF777241808}.Release|iPhoneSimulator.ActiveCfg = Release|Any CPU
		{54CF8B78-33DB-4112-A840-8DF777241808}.Release|iPhoneSimulator.Build.0 = Release|Any CPU
		{54CF8B78-33DB-4112-A840-8DF777241808}.Release|iPhoneSimulator.Deploy.0 = Release|Any CPU
		{64E78056-2270-4FB2-83AC-5ECE13FF27E1}.Ad-Hoc|Any CPU.ActiveCfg = Debug|Any CPU
		{64E78056-2270-4FB2-83AC-5ECE13FF27E1}.Ad-Hoc|Any CPU.Build.0 = Debug|Any CPU
		{64E78056-2270-4FB2-83AC-5ECE13FF27E1}.Ad-Hoc|iPhone.ActiveCfg = Debug|Any CPU
		{64E78056-2270-4FB2-83AC-5ECE13FF27E1}.Ad-Hoc|iPhone.Build.0 = Debug|Any CPU
		{64E78056-2270-4FB2-83AC-5ECE13FF27E1}.Ad-Hoc|iPhoneSimulator.ActiveCfg = Debug|Any CPU
		{64E78056-2270-4FB2-83AC-5ECE13FF27E1}.Ad-Hoc|iPhoneSimulator.Build.0 = Debug|Any CPU
		{64E78056-2270-4FB2-83AC-5ECE13FF27E1}.AppStore|Any CPU.ActiveCfg = Debug|Any CPU
		{64E78056-2270-4FB2-83AC-5ECE13FF27E1}.AppStore|Any CPU.Build.0 = Debug|Any CPU
		{64E78056-2270-4FB2-83AC-5ECE13FF27E1}.AppStore|iPhone.ActiveCfg = Debug|Any CPU
		{64E78056-2270-4FB2-83AC-5ECE13FF27E1}.AppStore|iPhone.Build.0 = Debug|Any CPU
		{64E78056-2270-4FB2-83AC-5ECE13FF27E1}.AppStore|iPhoneSimulator.ActiveCfg = Debug|Any CPU
		{64E78056-2270-4FB2-83AC-5ECE13FF27E1}.AppStore|iPhoneSimulator.Build.0 = Debug|Any CPU
		{64E78056-2270-4FB2-83AC-5ECE13FF27E1}.Debug|Any CPU.ActiveCfg = Debug|Any CPU
		{64E78056-2270-4FB2-83AC-5ECE13FF27E1}.Debug|Any CPU.Build.0 = Debug|Any CPU
		{64E78056-2270-4FB2-83AC-5ECE13FF27E1}.Debug|iPhone.ActiveCfg = Debug|Any CPU
		{64E78056-2270-4FB2-83AC-5ECE13FF27E1}.Debug|iPhone.Build.0 = Debug|Any CPU
		{64E78056-2270-4FB2-83AC-5ECE13FF27E1}.Debug|iPhoneSimulator.ActiveCfg = Debug|Any CPU
		{64E78056-2270-4FB2-83AC-5ECE13FF27E1}.Debug|iPhoneSimulator.Build.0 = Debug|Any CPU
		{64E78056-2270-4FB2-83AC-5ECE13FF27E1}.Release|Any CPU.ActiveCfg = Release|Any CPU
		{64E78056-2270-4FB2-83AC-5ECE13FF27E1}.Release|Any CPU.Build.0 = Release|Any CPU
		{64E78056-2270-4FB2-83AC-5ECE13FF27E1}.Release|iPhone.ActiveCfg = Release|Any CPU
		{64E78056-2270-4FB2-83AC-5ECE13FF27E1}.Release|iPhone.Build.0 = Release|Any CPU
		{64E78056-2270-4FB2-83AC-5ECE13FF27E1}.Release|iPhoneSimulator.ActiveCfg = Release|Any CPU
		{64E78056-2270-4FB2-83AC-5ECE13FF27E1}.Release|iPhoneSimulator.Build.0 = Release|Any CPU
		{12C984DE-64C2-4798-87E1-843ADB8E082A}.Ad-Hoc|Any CPU.ActiveCfg = Debug|Any CPU
		{12C984DE-64C2-4798-87E1-843ADB8E082A}.Ad-Hoc|Any CPU.Build.0 = Debug|Any CPU
		{12C984DE-64C2-4798-87E1-843ADB8E082A}.Ad-Hoc|iPhone.ActiveCfg = Debug|Any CPU
		{12C984DE-64C2-4798-87E1-843ADB8E082A}.Ad-Hoc|iPhone.Build.0 = Debug|Any CPU
		{12C984DE-64C2-4798-87E1-843ADB8E082A}.Ad-Hoc|iPhoneSimulator.ActiveCfg = Debug|Any CPU
		{12C984DE-64C2-4798-87E1-843ADB8E082A}.Ad-Hoc|iPhoneSimulator.Build.0 = Debug|Any CPU
		{12C984DE-64C2-4798-87E1-843ADB8E082A}.AppStore|Any CPU.ActiveCfg = Debug|Any CPU
		{12C984DE-64C2-4798-87E1-843ADB8E082A}.AppStore|Any CPU.Build.0 = Debug|Any CPU
		{12C984DE-64C2-4798-87E1-843ADB8E082A}.AppStore|iPhone.ActiveCfg = Debug|Any CPU
		{12C984DE-64C2-4798-87E1-843ADB8E082A}.AppStore|iPhone.Build.0 = Debug|Any CPU
		{12C984DE-64C2-4798-87E1-843ADB8E082A}.AppStore|iPhoneSimulator.ActiveCfg = Debug|Any CPU
		{12C984DE-64C2-4798-87E1-843ADB8E082A}.AppStore|iPhoneSimulator.Build.0 = Debug|Any CPU
		{12C984DE-64C2-4798-87E1-843ADB8E082A}.Debug|Any CPU.ActiveCfg = Debug|Any CPU
		{12C984DE-64C2-4798-87E1-843ADB8E082A}.Debug|Any CPU.Build.0 = Debug|Any CPU
		{12C984DE-64C2-4798-87E1-843ADB8E082A}.Debug|iPhone.ActiveCfg = Debug|Any CPU
		{12C984DE-64C2-4798-87E1-843ADB8E082A}.Debug|iPhone.Build.0 = Debug|Any CPU
		{12C984DE-64C2-4798-87E1-843ADB8E082A}.Debug|iPhoneSimulator.ActiveCfg = Debug|Any CPU
		{12C984DE-64C2-4798-87E1-843ADB8E082A}.Debug|iPhoneSimulator.Build.0 = Debug|Any CPU
		{12C984DE-64C2-4798-87E1-843ADB8E082A}.Release|Any CPU.ActiveCfg = Release|Any CPU
		{12C984DE-64C2-4798-87E1-843ADB8E082A}.Release|Any CPU.Build.0 = Release|Any CPU
		{12C984DE-64C2-4798-87E1-843ADB8E082A}.Release|iPhone.ActiveCfg = Release|Any CPU
		{12C984DE-64C2-4798-87E1-843ADB8E082A}.Release|iPhone.Build.0 = Release|Any CPU
		{12C984DE-64C2-4798-87E1-843ADB8E082A}.Release|iPhoneSimulator.ActiveCfg = Release|Any CPU
		{12C984DE-64C2-4798-87E1-843ADB8E082A}.Release|iPhoneSimulator.Build.0 = Release|Any CPU
		{97220715-DD89-4DDF-87FB-0C0C66BB4B2F}.Ad-Hoc|Any CPU.ActiveCfg = Debug|Any CPU
		{97220715-DD89-4DDF-87FB-0C0C66BB4B2F}.Ad-Hoc|Any CPU.Build.0 = Debug|Any CPU
		{97220715-DD89-4DDF-87FB-0C0C66BB4B2F}.Ad-Hoc|iPhone.ActiveCfg = Debug|Any CPU
		{97220715-DD89-4DDF-87FB-0C0C66BB4B2F}.Ad-Hoc|iPhone.Build.0 = Debug|Any CPU
		{97220715-DD89-4DDF-87FB-0C0C66BB4B2F}.Ad-Hoc|iPhoneSimulator.ActiveCfg = Debug|Any CPU
		{97220715-DD89-4DDF-87FB-0C0C66BB4B2F}.Ad-Hoc|iPhoneSimulator.Build.0 = Debug|Any CPU
		{97220715-DD89-4DDF-87FB-0C0C66BB4B2F}.AppStore|Any CPU.ActiveCfg = Debug|Any CPU
		{97220715-DD89-4DDF-87FB-0C0C66BB4B2F}.AppStore|Any CPU.Build.0 = Debug|Any CPU
		{97220715-DD89-4DDF-87FB-0C0C66BB4B2F}.AppStore|iPhone.ActiveCfg = Debug|Any CPU
		{97220715-DD89-4DDF-87FB-0C0C66BB4B2F}.AppStore|iPhone.Build.0 = Debug|Any CPU
		{97220715-DD89-4DDF-87FB-0C0C66BB4B2F}.AppStore|iPhoneSimulator.ActiveCfg = Debug|Any CPU
		{97220715-DD89-4DDF-87FB-0C0C66BB4B2F}.AppStore|iPhoneSimulator.Build.0 = Debug|Any CPU
		{97220715-DD89-4DDF-87FB-0C0C66BB4B2F}.Debug|Any CPU.ActiveCfg = Debug|Any CPU
		{97220715-DD89-4DDF-87FB-0C0C66BB4B2F}.Debug|Any CPU.Build.0 = Debug|Any CPU
		{97220715-DD89-4DDF-87FB-0C0C66BB4B2F}.Debug|iPhone.ActiveCfg = Debug|Any CPU
		{97220715-DD89-4DDF-87FB-0C0C66BB4B2F}.Debug|iPhone.Build.0 = Debug|Any CPU
		{97220715-DD89-4DDF-87FB-0C0C66BB4B2F}.Debug|iPhoneSimulator.ActiveCfg = Debug|Any CPU
		{97220715-DD89-4DDF-87FB-0C0C66BB4B2F}.Debug|iPhoneSimulator.Build.0 = Debug|Any CPU
		{97220715-DD89-4DDF-87FB-0C0C66BB4B2F}.Release|Any CPU.ActiveCfg = Release|Any CPU
		{97220715-DD89-4DDF-87FB-0C0C66BB4B2F}.Release|Any CPU.Build.0 = Release|Any CPU
		{97220715-DD89-4DDF-87FB-0C0C66BB4B2F}.Release|iPhone.ActiveCfg = Release|Any CPU
		{97220715-DD89-4DDF-87FB-0C0C66BB4B2F}.Release|iPhone.Build.0 = Release|Any CPU
		{97220715-DD89-4DDF-87FB-0C0C66BB4B2F}.Release|iPhoneSimulator.ActiveCfg = Release|Any CPU
		{97220715-DD89-4DDF-87FB-0C0C66BB4B2F}.Release|iPhoneSimulator.Build.0 = Release|Any CPU
		{F32F5978-5058-436A-8789-B69A833E30B8}.Ad-Hoc|Any CPU.ActiveCfg = Debug|Any CPU
		{F32F5978-5058-436A-8789-B69A833E30B8}.Ad-Hoc|Any CPU.Build.0 = Debug|Any CPU
		{F32F5978-5058-436A-8789-B69A833E30B8}.Ad-Hoc|iPhone.ActiveCfg = Debug|Any CPU
		{F32F5978-5058-436A-8789-B69A833E30B8}.Ad-Hoc|iPhone.Build.0 = Debug|Any CPU
		{F32F5978-5058-436A-8789-B69A833E30B8}.Ad-Hoc|iPhoneSimulator.ActiveCfg = Debug|Any CPU
		{F32F5978-5058-436A-8789-B69A833E30B8}.Ad-Hoc|iPhoneSimulator.Build.0 = Debug|Any CPU
		{F32F5978-5058-436A-8789-B69A833E30B8}.AppStore|Any CPU.ActiveCfg = Debug|Any CPU
		{F32F5978-5058-436A-8789-B69A833E30B8}.AppStore|Any CPU.Build.0 = Debug|Any CPU
		{F32F5978-5058-436A-8789-B69A833E30B8}.AppStore|iPhone.ActiveCfg = Debug|Any CPU
		{F32F5978-5058-436A-8789-B69A833E30B8}.AppStore|iPhone.Build.0 = Debug|Any CPU
		{F32F5978-5058-436A-8789-B69A833E30B8}.AppStore|iPhoneSimulator.ActiveCfg = Debug|Any CPU
		{F32F5978-5058-436A-8789-B69A833E30B8}.AppStore|iPhoneSimulator.Build.0 = Debug|Any CPU
		{F32F5978-5058-436A-8789-B69A833E30B8}.Debug|Any CPU.ActiveCfg = Debug|Any CPU
		{F32F5978-5058-436A-8789-B69A833E30B8}.Debug|Any CPU.Build.0 = Debug|Any CPU
		{F32F5978-5058-436A-8789-B69A833E30B8}.Debug|iPhone.ActiveCfg = Debug|Any CPU
		{F32F5978-5058-436A-8789-B69A833E30B8}.Debug|iPhone.Build.0 = Debug|Any CPU
		{F32F5978-5058-436A-8789-B69A833E30B8}.Debug|iPhoneSimulator.ActiveCfg = Debug|Any CPU
		{F32F5978-5058-436A-8789-B69A833E30B8}.Debug|iPhoneSimulator.Build.0 = Debug|Any CPU
		{F32F5978-5058-436A-8789-B69A833E30B8}.Release|Any CPU.ActiveCfg = Release|Any CPU
		{F32F5978-5058-436A-8789-B69A833E30B8}.Release|Any CPU.Build.0 = Release|Any CPU
		{F32F5978-5058-436A-8789-B69A833E30B8}.Release|iPhone.ActiveCfg = Release|Any CPU
		{F32F5978-5058-436A-8789-B69A833E30B8}.Release|iPhone.Build.0 = Release|Any CPU
		{F32F5978-5058-436A-8789-B69A833E30B8}.Release|iPhoneSimulator.ActiveCfg = Release|Any CPU
		{F32F5978-5058-436A-8789-B69A833E30B8}.Release|iPhoneSimulator.Build.0 = Release|Any CPU
	EndGlobalSection
	GlobalSection(SolutionProperties) = preSolution
		HideSolutionNode = FALSE
	EndGlobalSection
	GlobalSection(NestedProjects) = preSolution
		{9925574E-B841-49B7-8A35-7D9BE97A22BC} = {2D34F50C-B519-4342-B1BA-03C09DAF0F6A}
		{5D13C4A0-5003-4470-BA48-07C949A76A8B} = {2D34F50C-B519-4342-B1BA-03C09DAF0F6A}
		{54CF8B78-33DB-4112-A840-8DF777241808} = {2D34F50C-B519-4342-B1BA-03C09DAF0F6A}
		{64E78056-2270-4FB2-83AC-5ECE13FF27E1} = {4E643D56-869A-43B7-A08A-97DCAE5ACCAD}
		{12C984DE-64C2-4798-87E1-843ADB8E082A} = {3BD6CF25-195D-4447-B6DD-A90FD7C2C022}
		{97220715-DD89-4DDF-87FB-0C0C66BB4B2F} = {3BD6CF25-195D-4447-B6DD-A90FD7C2C022}
		{F32F5978-5058-436A-8789-B69A833E30B8} = {AAEAFC10-A4DD-4FB4-AB32-B2E5E24B812D}
	EndGlobalSection
	GlobalSection(ExtensibilityGlobals) = postSolution
		SolutionGuid = {C6F7034F-7789-4737-85BB-DFC80CC0189B}
	EndGlobalSection
EndGlobal
